PODS:
  - DownloadButton (0.1.1)
  - MBCircularProgressBar (0.3.5)
  - UAProgressView (0.1.4)

DEPENDENCIES:
  - "DownloadButton (from `git@github.com:PavelKatunin/DownloadButton.git`)"
  - "MBCircularProgressBar (from `git@github.com:MatiBot/MBCircularProgressBar.git`)"
  - "UAProgressView (from `git@github.com:UrbanApps/UAProgressView.git`)"

EXTERNAL SOURCES:
  DownloadButton:
    :git: "git@github.com:PavelKatunin/DownloadButton.git"
  MBCircularProgressBar:
    :git: "git@github.com:MatiBot/MBCircularProgressBar.git"
  UAProgressView:
    :git: "git@github.com:UrbanApps/UAProgressView.git"

CHECKOUT OPTIONS:
  DownloadButton:
    :commit: aa24d0c6c2230f0f6c1a58bbeb0deedff3039193
    :git: "git@github.com:PavelKatunin/DownloadButton.git"
  MBCircularProgressBar:
    :commit: 9637b1a7bbde72b8fe3e6321f09a2bbecd8962cf
    :git: "git@github.com:MatiBot/MBCircularProgressBar.git"
  UAProgressView:
    :commit: 2455af67bb3d8776ace7c6a782fd9646c9ae5e3e
    :git: "git@github.com:UrbanApps/UAProgressView.git"

SPEC CHECKSUMS:
  DownloadButton: f14240a90dfdcfcd4b524f98b39e4a0bc88bbfb2
  MBCircularProgressBar: 0b795b722a5eb5b0923822f90474e2576a1a7855
  UAProgressView: 6796f5aa05037fb2940521636163b9db40a6c534

PODFILE CHECKSUM: 6007506af67859fd4891c46fe560dfaa8136fa0d

COCOAPODS: 1.5.0
